
Microsoft Visual Studio Solution File, Format Version 12.00
# Visual Studio Version 16
VisualStudioVersion = 16.0.30611.23
MinimumVisualStudioVersion = 10.0.40219.1
Project("{FAE04EC0-301F-11D3-BF4B-00C04F79EFBC}") = "IogoSistem", "IogoSistem.csproj", "{AE5958EE-DA3C-4B99-A2BB-9ADD6A3CF492}"
EndProject
Global
	GlobalSection(SolutionConfigurationPlatforms) = preSolution
		Debug|Any CPU = Debug|Any CPU
		Release|Any CPU = Release|Any CPU
	EndGlobalSection
	GlobalSection(ProjectConfigurationPlatforms) = postSolution
		{AE5958EE-DA3C-4B99-A2BB-9ADD6A3CF492}.Debug|Any CPU.ActiveCfg = Debug|Any CPU
		{AE5958EE-DA3C-4B99-A2BB-9ADD6A3CF492}.Debug|Any CPU.Build.0 = Debug|Any CPU
		{AE5958EE-DA3C-4B99-A2BB-9ADD6A3CF492}.Release|Any CPU.ActiveCfg = Release|Any CPU
		{AE5958EE-DA3C-4B99-A2BB-9ADD6A3CF492}.Release|Any CPU.Build.0 = Release|Any CPU
	EndGlobalSection
	GlobalSection(SolutionProperties) = preSolution
		HideSolutionNode = FALSE
	EndGlobalSection
	GlobalSection(ExtensibilityGlobals) = postSolution
		SolutionGuid = {2FCC6CEE-B478-4719-9535-4869DE6F78EC}
	EndGlobalSection
EndGlobal
